
Microsoft Visual Studio Solution File, Format Version 12.00
# Visual Studio Version 17
VisualStudioVersion = 17.10.35013.160
MinimumVisualStudioVersion = 10.0.40219.1
Project("{FAE04EC0-301F-11D3-BF4B-00C04F79EFBC}") = "MultiLevelTournament", "MultiLevelTournament.csproj", "{EBB9BD05-EDDF-40F9-BE96-5381A8B13996}"
EndProject
Global
	GlobalSection(SolutionConfigurationPlatforms) = preSolution
		Debug|Any CPU = Debug|Any CPU
		Release|Any CPU = Release|Any CPU
	EndGlobalSection
	GlobalSection(ProjectConfigurationPlatforms) = postSolution
		{EBB9BD05-EDDF-40F9-BE96-5381A8B13996}.Debug|Any CPU.ActiveCfg = Debug|Any CPU
		{EBB9BD05-EDDF-40F9-BE96-5381A8B13996}.Debug|Any CPU.Build.0 = Debug|Any CPU
		{EBB9BD05-EDDF-40F9-BE96-5381A8B13996}.Release|Any CPU.ActiveCfg = Release|Any CPU
		{EBB9BD05-EDDF-40F9-BE96-5381A8B13996}.Release|Any CPU.Build.0 = Release|Any CPU
	EndGlobalSection
	GlobalSection(SolutionProperties) = preSolution
		HideSolutionNode = FALSE
	EndGlobalSection
	GlobalSection(ExtensibilityGlobals) = postSolution
		SolutionGuid = {9C65E849-D379-4AC1-B545-A1628334A529}
	EndGlobalSection
EndGlobal
